lockfileVersion: '9.0'

settings:
  autoInstallPeers: true
  excludeLinksFromLockfile: false

importers:

  .:
    dependencies:
      gray-matter:
        specifier: ^4.0.3
        version: 4.0.3
      next:
        specifier: 15.5.12
        version: 15.5.12(react-dom@19.2.4(react@19.2.4))(react@19.2.4)
      react:
        specifier: ^19.0.0
        version: 19.2.4
      react-dom:
        specifier: ^19.0.0
        version: 19.2.4(react@19.2.4)
      remark:
        specifier: ^15.0.1
        version: 15.0.1
      remark-gfm:
        specifier: ^4.0.1
        version: 4.0.1
      remark-html:
        specifier: ^16.0.1
        version: 16.0.1
    devDependencies:
      '@types/node':
        specifier: ^22.0.0
        version: 22.19.15
      '@types/react':
        specifier: ^19.0.0
        version: 19.2.14
      '@types/react-dom':
        specifier: ^19.0.0
        version: 19.2.3(@types/react@19.2.14)
      autoprefixer:
        specifier: ^10.4.21
        version: 10.4.27(postcss@8.5.8)
      eslint:
        specifier: ^9.0.0
        version: 9.39.4(jiti@1.21.7)
      eslint-config-next:
        specifier: 15.5.12
        version: 15.5.12(eslint@9.39.4(jiti@1.21.7))(typescript@5.9.3)
      postcss:
        specifier: ^8.5.0
        version: 8.5.8
      tailwindcss:
        specifier: ^3.4.17
        version: 3.4.19(tsx@4.21.0)(yaml@2.8.2)
      tsx:
        specifier: ^4.20.6
        version: 4.21.0
      typescript:
        specifier: ^5.7.0
        version: 5.9.3

packages:

  '@alloc/quick-lru@5.2.0':
    resolution: {integrity: sha512-UrcABB+4bUrFABwbluTIBErXwvbsU/V7TZWfmbgJfbkwiBuziS9gxdODUyuiecfdGQ85jglMW6juS3+z5TsKLw==}
    engines: {node: '>=10'}

  '@emnapi/core@1.9.0':
    resolution: {integrity: sha512-0DQ98G9ZQZOxfUcQn1waV2yS8aWdZ6kJMbYCJB3oUBecjWYO1fqJ+a1DRfPF3O5JEkwqwP1A9QEN/9mYm2Yd0w==}

  '@emnapi/runtime@1.9.0':
    resolution: {integrity: sha512-owtFfyqOzMlxLMUoGPV9j0Y+Go/oF8VDGVgDZq2Ozt0fHEPOoVFBGiZ8BaXAGjFpMKJJULRUi08OFo1qdmN2w==}
    engines: {node: '>=10'}
